
Microsoft Visual Studio Solution File, Format Version 12.00
# Visual Studio Version 17
VisualStudioVersion = 17.2.32616.157
MinimumVisualStudioVersion = 10.0.40219.1
Project("{FAE04EC0-301F-11D3-BF4B-00C04F79EFBC}") = "Гласныесогласные", "Гласныесогласные\Гласныесогласные.csproj", "{BABD7865-CAC5-412C-A47A-C52B36FB9568}"
EndProject
Global
	GlobalSection(SolutionConfigurationPlatforms) = preSolution
		Debug|Any CPU = Debug|Any CPU
		Release|Any CPU = Release|Any CPU
	EndGlobalSection
	GlobalSection(ProjectConfigurationPlatforms) = postSolution
		{BABD7865-CAC5-412C-A47A-C52B36FB9568}.Debug|Any CPU.ActiveCfg = Debug|Any CPU
		{BABD7865-CAC5-412C-A47A-C52B36FB9568}.Debug|Any CPU.Build.0 = Debug|Any CPU
		{BABD7865-CAC5-412C-A47A-C52B36FB9568}.Release|Any CPU.ActiveCfg = Release|Any CPU
		{BABD7865-CAC5-412C-A47A-C52B36FB9568}.Release|Any CPU.Build.0 = Release|Any CPU
	EndGlobalSection
	GlobalSection(SolutionProperties) = preSolution
		HideSolutionNode = FALSE
	EndGlobalSection
	GlobalSection(ExtensibilityGlobals) = postSolution
		SolutionGuid = {02B1FDBB-3C89-4ED6-B4BD-C2D308DF8AA0}
	EndGlobalSection
EndGlobal
